// !$*UTF8*$!
{
	archiveVersion = 1;
	classes = {
	};
	objectVersion = 46;
	objects = {

/* Begin PBXBuildFile section */
		8C5699911A6C2C0200B6F020 /* main.c in Sources */ = {isa = PBXBuildFile; fileRef = 8C5699901A6C2C0200B6F020 /* main.c */; };
		8C5699991A6C2E1A00B6F020 /* demo.c in Sources */ = {isa = PBXBuildFile; fileRef = 8C5699971A6C2E1A00B6F020 /* demo.c */; };
/* End PBXBuildFile section */

/* Begin PBXCopyFilesBuildPhase section */
		8C56998B1A6C2C0200B6F020 /* CopyFiles */ = {
			isa = PBXCopyFilesBuildPhase;
			buildActionMask = 2147483647;
			dstPath = /usr/share/man/man1/;
			dstSubfolderSpec = 0;
			files = (
			);
			runOnlyForDeploymentPostprocessing = 1;
		};
/* End PBXCopyFilesBuildPhase section */

/* Begin PBXFileReference section */
		8C56998D1A6C2C0200B6F020 /* demo16 */ = {isa = PBXFileReference; explicitFileType = "compiled.mach-o.executable"; includeInIndex = 0; path = demo16; sourceTree = BUILT_PRODUCTS_DIR; };
		8C5699901A6C2C0200B6F020 /* main.c */ = {isa = PBXFileReference; lastKnownFileType = sourcecode.c.c; path = main.c; sourceTree = "<group>"; };
		8C5699971A6C2E1A00B6F020 /* demo.c */ = {isa = PBXFileReference; fileEncoding = 4; lastKnownFileType = sourcecode.c.c; path = demo.c; sourceTree = "<group>"; };
/* End PBXFileReference section */

/* Begin PBXFrameworksBuildPhase section */
		8C56998A1A6C2C0200B6F020 /* Frameworks */ = {
			isa = PBXFrameworksBuildPhase;
			buildActionMask = 2147483647;
			files = (
			);
			runOnlyForDeploymentPostprocessing = 0;
		};
/* End PBXFrameworksBuildPhase section */

/* Begin PBXGroup section */
		8C5699841A6C2C0200B6F020 = {
			isa = PBXGroup;
			children = (
				8C5699971A6C2E1A00B6F020 /* demo.c */,
				8C56998F1A6C2C0200B6F020 /* demo16 */,
				8C56998E1A6C2C0200B6F020 /* Products */,
			);
			sourceTree = "<group>";
		};
		8C56998E1A6C2C0200B6F020 /* Products */ = {
			isa = PBXGroup;
			children = (
				8C56998D1A6C2C0200B6F020 /* demo16 */,
			);
			name = Products;
			sourceTree = "<group>";
		};
		8C56998F1A6C2C0200B6F020 /* demo16 */ = {
			isa = PBXGroup;
			children = (
				8C5699901A6C2C0200B6F020 /* main.c */,
			);
			path = demo16;
			sourceTree = "<group>";
		};
/* End PBXGroup section */

/* Begin PBXNativeTarget section */
		8C56998C1A6C2C0200B6F020 /* demo16 */ = {
			isa = PBXNativeTarget;
			buildConfigurationList = 8C5699941A6C2C0200B6F020 /* Build configuration list for PBXNativeTarget "demo16" */;
			buildPhases = (
				8C5699891A6C2C0200B6F020 /* Sources */,
				8C56998A1A6C2C0200B6F020 /* Frameworks */,
				8C56998B1A6C2C0200B6F020 /* CopyFiles */,
			);
			buildRules = (
			);
			dependencies = (
			);
			name = demo16;
			productName = demo16;
			productReference = 8C56998D1A6C2C0200B6F020 /* demo16 */;
			productType = "com.apple.product-type.tool";
		};
/* End PBXNativeTarget section */

/* Begin PBXProject section */
		8C5699851A6C2C0200B6F020 /* Project object */ = {
			isa = PBXProject;
			attributes = {
				LastUpgradeCheck = 0610;
				ORGANIZATIONNAME = weichen;
				TargetAttributes = {
					8C56998C1A6C2C0200B6F020 = {
						CreatedOnToolsVersion = 6.1.1;
					};
				};
			};
			buildConfigurationList = 8C5699881A6C2C0200B6F020 /* Build configuration list for PBXProject "demo16" */;
			compatibilityVersion = "Xcode 3.2";
			developmentRegion = English;
			hasScannedForEncodings = 0;
			knownRegions = (
				en,
			);
			mainGroup = 8C5699841A6C2C0200B6F020;
			productRefGroup = 8C56998E1A6C2C0200B6F020 /* Products */;
			projectDirPath = "";
			projectRoot = "";
			targets = (
				8C56998C1A6C2C0200B6F020 /* demo16 */,
			);
		};
/* End PBXProject section */

/* Begin PBXSourcesBuildPhase section */
		8C5699891A6C2C0200B6F020 /* Sources */ = {
			isa = PBXSourcesBuildPhase;
			buildActionMask = 2147483647;
			files = (
				8C5699991A6C2E1A00B6F020 /* demo.c in Sources */,
				8C5699911A6C2C0200B6F020 /* main.c in Sources */,
			);
			runOnlyForDeploymentPostprocessing = 0;
		};
/* End PBXSourcesBuildPhase section */

/* Begin XCBuildConfiguration section */
		8C5699921A6C2C0200B6F020 /* Debug */ = {
			isa = XCBuildConfiguration;
			buildSettings = {
				ALWAYS_SEARCH_USER_PATHS = NO;
				CLANG_CXX_LANGUAGE_STANDARD = "gnu++0x";
				CLANG_CXX_LIBRARY = "libc++";
				CLANG_ENABLE_MODULES = YES;
				CLANG_ENABLE_OBJC_ARC = YES;
				CLANG_WARN_BOOL_CONVERSION = YES;
				CLANG_WARN_CONSTANT_CONVERSION = YES;
				CLANG_WARN_DIRECT_OBJC_ISA_USAGE = YES_ERROR;
				CLANG_WARN_EMPTY_BODY = YES;
				CLANG_WARN_ENUM_CONVERSION = YES;
				CLANG_WARN_INT_CONVERSION = YES;
				CLANG_WARN_OBJC_ROOT_CLASS = YES_ERROR;
				CLANG_WARN_UNREACHABLE_CODE = YES;
				CLANG_WARN__DUPLICATE_METHOD_MATCH = YES;
				COPY_PHASE_STRIP = NO;
				ENABLE_STRICT_OBJC_MSGSEND = YES;
				GCC_C_LANGUAGE_STANDARD = gnu99;
				GCC_DYNAMIC_NO_PIC = NO;
				GCC_OPTIMIZATION_LEVEL = 0;
				GCC_PREPROCESSOR_DEFINITIONS = (
					"DEBUG=1",
					"$(inherited)",
				);
				GCC_SYMBOLS_PRIVATE_EXTERN = NO;
				GCC_WARN_64_TO_32_BIT_CONVERSION = YES;
				GCC_WARN_ABOUT_RETURN_TYPE = YES_ERROR;
				GCC_WARN_UNDECLARED_SELECTOR = YES;
				GCC_WARN_UNINITIALIZED_AUTOS = YES_AGGRESSIVE;
				GCC_WARN_UNUSED_FUNCTION = YES;
				GCC_WARN_UNUSED_VARIABLE = YES;
				MACOSX_DEPLOYMENT_TARGET = 10.10;
				MTL_ENABLE_DEBUG_INFO = YES;
				ONLY_ACTIVE_ARCH = YES;
				SDKROOT = macosx;
			};
			name = Debug;
		};
		8C5699931A6C2C0200B6F020 /* Release */ = {
			isa = XCBuildConfiguration;
			buildSettings = {
				ALWAYS_SEARCH_USER_PATHS = NO;
				CLANG_CXX_LANGUAGE_STANDARD = "gnu++0x";
				CLANG_CXX_LIBRARY = "libc++";
				CLANG_ENABLE_MODULES = YES;
				CLANG_ENABLE_OBJC_ARC = YES;
				CLANG_WARN_BOOL_CONVERSION = YES;
				CLANG_WARN_CONSTANT_CONVERSION = YES;
				CLANG_WARN_DIRECT_OBJC_ISA_USAGE = YES_ERROR;
				CLANG_WARN_EMPTY_BODY = YES;
				CLANG_WARN_ENUM_CONVERSION = YES;
				CLANG_WARN_INT_CONVERSION = YES;
				CLANG_WARN_OBJC_ROOT_CLASS = YES_ERROR;
				CLANG_WARN_UNREACHABLE_CODE = YES;
				CLANG_WARN__DUPLICATE_METHOD_MATCH = YES;
				COPY_PHASE_STRIP = YES;
				DEBUG_INFORMATION_FORMAT = "dwarf-with-dsym";
				ENABLE_NS_ASSERTIONS = NO;
				ENABLE_STRICT_OBJC_MSGSEND = YES;
				GCC_C_LANGUAGE_STANDARD = gnu99;
				GCC_WARN_64_TO_32_BIT_CONVERSION = YES;
				GCC_WARN_ABOUT_RETURN_TYPE = YES_ERROR;
				GCC_WARN_UNDECLARED_SELECTOR = YES;
				GCC_WARN_UNINITIALIZED_AUTOS = YES_AGGRESSIVE;
				GCC_WARN_UNUSED_FUNCTION = YES;
				GCC_WARN_UNUSED_VARIABLE = YES;
				MACOSX_DEPLOYMENT_TARGET = 10.10;
				MTL_ENABLE_DEBUG_INFO = NO;
				SDKROOT = macosx;
			};
			name = Release;
		};
		8C5699951A6C2C0200B6F020 /* Debug */ = {
			isa = XCBuildConfiguration;
			buildSettings = {
				PRODUCT_NAME = "$(TARGET_NAME)";
			};
			name = Debug;
		};
		8C5699961A6C2C0200B6F020 /* Release */ = {
			isa = XCBuildConfiguration;
			buildSettings = {
				PRODUCT_NAME = "$(TARGET_NAME)";
			};
			name = Release;
		};
/* End XCBuildConfiguration section */

/* Begin XCConfigurationList section */
		8C5699881A6C2C0200B6F020 /* Build configuration list for PBXProject "demo16" */ = {
			isa = XCConfigurationList;
			buildConfigurations = (
				8C5699921A6C2C0200B6F020 /* Debug */,
				8C5699931A6C2C0200B6F020 /* Release */,
			);
			defaultConfigurationIsVisible = 0;
			defaultConfigurationName = Release;
		};
		8C5699941A6C2C0200B6F020 /* Build configuration list for PBXNativeTarget "demo16" */ = {
			isa = XCConfigurationList;
			buildConfigurations = (
				8C5699951A6C2C0200B6F020 /* Debug */,
				8C5699961A6C2C0200B6F020 /* Release */,
			);
			defaultConfigurationIsVisible = 0;
			defaultConfigurationName = Release;
		};
/* End XCConfigurationList section */
	};
	rootObject = 8C5699851A6C2C0200B6F020 /* Project object */;
}
